Microsoft Visual Studio Solution File, Format Version 11.00
# Visual Studio 2008

Project("{AD52EDD6-0C67-4B8E-58DD-02AD250DFBEC}") = "Space-Shooter-2", "Assembly-CSharp.csproj", "{4E6B1EC2-12D8-238C-9E0E-890AABF82BC6}"
EndProject
Global
	GlobalSection(SolutionConfigurationPlatforms) = preSolution
		Debug|Any CPU = Debug|Any CPU
		Release|Any CPU = Release|Any CPU
	EndGlobalSection
	GlobalSection(ProjectConfigurationPlatforms) = postSolution
		{4E6B1EC2-12D8-238C-9E0E-890AABF82BC6}.Debug|Any CPU.ActiveCfg = Debug|Any CPU
		{4E6B1EC2-12D8-238C-9E0E-890AABF82BC6}.Debug|Any CPU.Build.0 = Debug|Any CPU
		{4E6B1EC2-12D8-238C-9E0E-890AABF82BC6}.Release|Any CPU.ActiveCfg = Release|Any CPU
		{4E6B1EC2-12D8-238C-9E0E-890AABF82BC6}.Release|Any CPU.Build.0 = Release|Any CPU
	EndGlobalSection
	GlobalSection(SolutionProperties) = preSolution
		HideSolutionNode = FALSE
	EndGlobalSection
	GlobalSection(MonoDevelopProperties) = preSolution
		StartupItem = Assembly-CSharp.csproj
	EndGlobalSection
EndGlobal
